// !$*UTF8*$!
{
	archiveVersion = 1;
	classes = {
	};
	objectVersion = 51;
	objects = {

/* Begin PBXBuildFile section */
		0F9A242A78A71090775C96A5 /* Pods_Pawie.framework in Frameworks */ = {isa = PBXBuildFile; fileRef = 6ABEA768834F8E2CAD6EFF6E /* Pods_Pawie.framework */; };
		FD6CAEDB26BC681D008FF97A /* AppDelegate.swift in Sources */ = {isa = PBXBuildFile; fileRef = FD6CAEDA26BC681D008FF97A /* AppDelegate.swift */; };
		FD6CAEDD26BC681D008FF97A /* SceneDelegate.swift in Sources */ = {isa = PBXBuildFile; fileRef = FD6CAEDC26BC681D008FF97A /* SceneDelegate.swift */; };
		FD6CAEDF26BC681D008FF97A /* ViewController.swift in Sources */ = {isa = PBXBuildFile; fileRef = FD6CAEDE26BC681D008FF97A /* ViewController.swift */; };
		FD6CAEE226BC681D008FF97A /* Main.storyboard in Resources */ = {isa = PBXBuildFile; fileRef = FD6CAEE026BC681D008FF97A /* Main.storyboard */; };
		FD6CAEE426BC6821008FF97A /* Assets.xcassets in Resources */ = {isa = PBXBuildFile; fileRef = FD6CAEE326BC6821008FF97A /* Assets.xcassets */; };
		FD6CAEE726BC6821008FF97A /* LaunchScreen.storyboard in Resources */ = {isa = PBXBuildFile; fileRef = FD6CAEE526BC6821008FF97A /* LaunchScreen.storyboard */; };
		FD6CAEF826BC6AD5008FF97A /* CustomTextField.swift in Sources */ = {isa = PBXBuildFile; fileRef = FD6CAEF726BC6AD5008FF97A /* CustomTextField.swift */; };
		FD6CAEFC26BC6C74008FF97A /* Extension.swift in Sources */ = {isa = PBXBuildFile; fileRef = FD6CAEFB26BC6C74008FF97A /* Extension.swift */; };
		FD6CAEFF26BC737E008FF97A /* MainTabController.swift in Sources */ = {isa = PBXBuildFile; fileRef = FD6CAEFE26BC737E008FF97A /* MainTabController.swift */; };
		FD6CAF0226BC7D3E008FF97A /* SearchController.swift in Sources */ = {isa = PBXBuildFile; fileRef = FD6CAF0126BC7D3E008FF97A /* SearchController.swift */; };
		FD6CAF0526BC7D8A008FF97A /* ImageSelectorController.swift in Sources */ = {isa = PBXBuildFile; fileRef = FD6CAF0426BC7D8A008FF97A /* ImageSelectorController.swift */; };
		FD6CAF0826BC7DA2008FF97A /* ShopController.swift in Sources */ = {isa = PBXBuildFile; fileRef = FD6CAF0726BC7DA2008FF97A /* ShopController.swift */; };
		FD6CAF0B26BC7DBC008FF97A /* FeedController.swift in Sources */ = {isa = PBXBuildFile; fileRef = FD6CAF0A26BC7DBC008FF97A /* FeedController.swift */; };
		FD6CAF0E26BC7DD3008FF97A /* ProfileController.swift in Sources */ = {isa = PBXBuildFile; fileRef = FD6CAF0D26BC7DD3008FF97A /* ProfileController.swift */; };
		FD6CAF1226BDB658008FF97A /* FeedCell.swift in Sources */ = {isa = PBXBuildFile; fileRef = FD6CAF1126BDB658008FF97A /* FeedCell.swift */; };
		FD6CAF1626BDEB2F008FF97A /* LoginController.swift in Sources */ = {isa = PBXBuildFile; fileRef = FD6CAF1526BDEB2F008FF97A /* LoginController.swift */; };
		FD6CAF1A26BDEB49008FF97A /* RegisterController.swift in Sources */ = {isa = PBXBuildFile; fileRef = FD6CAF1926BDEB49008FF97A /* RegisterController.swift */; };
		FD6CAF1D26BE14B0008FF97A /* AuthenticationViewModel.swift in Sources */ = {isa = PBXBuildFile; fileRef = FD6CAF1C26BE14B0008FF97A /* AuthenticationViewModel.swift */; };
		FD6CAF2026BE2EBB008FF97A /* GoogleService-Info.plist in Resources */ = {isa = PBXBuildFile; fileRef = FD6CAF1F26BE2EBB008FF97A /* GoogleService-Info.plist */; };
		FD6CAF5826BEF602008FF97A /* ImageUploader.swift in Sources */ = {isa = PBXBuildFile; fileRef = FD6CAF5726BEF602008FF97A /* ImageUploader.swift */; };
		FD6CAF5B26BEFAD1008FF97A /* AuthService.swift in Sources */ = {isa = PBXBuildFile; fileRef = FD6CAF5A26BEFAD1008FF97A /* AuthService.swift */; };
		FD6CAF5E26BEFB8D008FF97A /* Constants.swift in Sources */ = {isa = PBXBuildFile; fileRef = FD6CAF5D26BEFB8D008FF97A /* Constants.swift */; };
		FD6CAF6126BF81C0008FF97A /* ProfileCell.swift in Sources */ = {isa = PBXBuildFile; fileRef = FD6CAF6026BF81C0008FF97A /* ProfileCell.swift */; };
		FD6CAF6426BF81D0008FF97A /* ProfileHeader.swift in Sources */ = {isa = PBXBuildFile; fileRef = FD6CAF6326BF81D0008FF97A /* ProfileHeader.swift */; };
		FD6CAF6926C093E5008FF97A /* User.swift in Sources */ = {isa = PBXBuildFile; fileRef = FD6CAF6826C093E5008FF97A /* User.swift */; };
		FD6CAF6C26C098C7008FF97A /* UserService.swift in Sources */ = {isa = PBXBuildFile; fileRef = FD6CAF6B26C098C7008FF97A /* UserService.swift */; };
		FD6CAF6F26C09FDE008FF97A /* ProfileHeaderViewModel.swift in Sources */ = {isa = PBXBuildFile; fileRef = FD6CAF6E26C09FDE008FF97A /* ProfileHeaderViewModel.swift */; };
		FD6CAF8E26C0C65F008FF97A /* SearchTappedController.swift in Sources */ = {isa = PBXBuildFile; fileRef = FD6CAF8D26C0C65F008FF97A /* SearchTappedController.swift */; };
		FD6CAF9126C0C7E0008FF97A /* UserCell.swift in Sources */ = {isa = PBXBuildFile; fileRef = FD6CAF9026C0C7E0008FF97A /* UserCell.swift */; };
		FD6CAF9426C0D988008FF97A /* UserCellViewModel.swift in Sources */ = {isa = PBXBuildFile; fileRef = FD6CAF9326C0D988008FF97A /* UserCellViewModel.swift */; };
		FD6CAFB626C142BB008FF97A /* UploadPostController.swift in Sources */ = {isa = PBXBuildFile; fileRef = FD6CAFB526C142BA008FF97A /* UploadPostController.swift */; };
		FD6CAFB926C1FB9F008FF97A /* InputTextView.swift in Sources */ = {isa = PBXBuildFile; fileRef = FD6CAFB826C1FB9F008FF97A /* InputTextView.swift */; };
		FD6CAFBC26C202A7008FF97A /* PostService.swift in Sources */ = {isa = PBXBuildFile; fileRef = FD6CAFBB26C202A7008FF97A /* PostService.swift */; };
		FD6CAFE026C2179E008FF97A /* Post.swift in Sources */ = {isa = PBXBuildFile; fileRef = FD6CAFDF26C2179E008FF97A /* Post.swift */; };
		FD6CAFE326C21D35008FF97A /* PostViewModel.swift in Sources */ = {isa = PBXBuildFile; fileRef = FD6CAFE226C21D35008FF97A /* PostViewModel.swift */; };
		FD6CAFE626C326AB008FF97A /* CommentController.swift in Sources */ = {isa = PBXBuildFile; fileRef = FD6CAFE526C326AB008FF97A /* CommentController.swift */; };
		FD6CAFE926C329DA008FF97A /* CommentCell.swift in Sources */ = {isa = PBXBuildFile; fileRef = FD6CAFE826C329DA008FF97A /* CommentCell.swift */; };
		FD6CAFED26C3338D008FF97A /* CommentInputAccessoryView.swift in Sources */ = {isa = PBXBuildFile; fileRef = FD6CAFEC26C3338D008FF97A /* CommentInputAccessoryView.swift */; };
		FD6CAFF026C35281008FF97A /* CommentService.swift in Sources */ = {isa = PBXBuildFile; fileRef = FD6CAFEF26C35281008FF97A /* CommentService.swift */; };
		FD6CAFF326C35810008FF97A /* Comment.swift in Sources */ = {isa = PBXBuildFile; fileRef = FD6CAFF226C35810008FF97A /* Comment.swift */; };
		FD6CAFF626C35CBA008FF97A /* CommentViewModel.swift in Sources */ = {isa = PBXBuildFile; fileRef = FD6CAFF526C35CBA008FF97A /* CommentViewModel.swift */; };
		FD6CAFF926C3C47B008FF97A /* NotificationController.swift in Sources */ = {isa = PBXBuildFile; fileRef = FD6CAFF826C3C47A008FF97A /* NotificationController.swift */; };
		FD6CAFFC26C3C826008FF97A /* NotificationCell.swift in Sources */ = {isa = PBXBuildFile; fileRef = FD6CAFFB26C3C826008FF97A /* NotificationCell.swift */; };
		FD6CAFFF26C3E1D2008FF97A /* Notification.swift in Sources */ = {isa = PBXBuildFile; fileRef = FD6CAFFE26C3E1D2008FF97A /* Notification.swift */; };
		FD6CB00226C3E91A008FF97A /* NotificationService.swift in Sources */ = {isa = PBXBuildFile; fileRef = FD6CB00126C3E91A008FF97A /* NotificationService.swift */; };
		FD6CB00526C3F781008FF97A /* NotificationViewModel.swift in Sources */ = {isa = PBXBuildFile; fileRef = FD6CB00426C3F781008FF97A /* NotificationViewModel.swift */; };
		FD6CB00826C4A715008FF97A /* ResetPasswordController.swift in Sources */ = {isa = PBXBuildFile; fileRef = FD6CB00726C4A714008FF97A /* ResetPasswordController.swift */; };
		FD6CB04026C8F1B4008FF97A /* ShoppingHeader.swift in Sources */ = {isa = PBXBuildFile; fileRef = FD6CB03F26C8F1B4008FF97A /* ShoppingHeader.swift */; };
		FD6CB04326C8F202008FF97A /* ShoppingCell.swift in Sources */ = {isa = PBXBuildFile; fileRef = FD6CB04226C8F202008FF97A /* ShoppingCell.swift */; };
/* End PBXBuildFile section */

/* Begin PBXFileReference section */
		215A068FDC7686E6D455E6AA /* Pods-Pawie.release.xcconfig */ = {isa = PBXFileReference; includeInIndex = 1; lastKnownFileType = text.xcconfig; name = "Pods-Pawie.release.xcconfig"; path = "Target Support Files/Pods-Pawie/Pods-Pawie.release.xcconfig"; sourceTree = "<group>"; };
		6ABEA768834F8E2CAD6EFF6E /* Pods_Pawie.framework */ = {isa = PBXFileReference; explicitFileType = wrapper.framework; includeInIndex = 0; path = Pods_Pawie.framework; sourceTree = BUILT_PRODUCTS_DIR; };
		99DE21A05165A44A826FC448 /* Pods-Pawie.debug.xcconfig */ = {isa = PBXFileReference; includeInIndex = 1; lastKnownFileType = text.xcconfig; name = "Pods-Pawie.debug.xcconfig"; path = "Target Support Files/Pods-Pawie/Pods-Pawie.debug.xcconfig"; sourceTree = "<group>"; };
		FD6CAED726BC681D008FF97A /* Pawie.app */ = {isa = PBXFileReference; explicitFileType = wrapper.application; includeInIndex = 0; path = Pawie.app; sourceTree = BUILT_PRODUCTS_DIR; };
		FD6CAEDA26BC681D008FF97A /* AppDelegate.swift */ = {isa = PBXFileReference; lastKnownFileType = sourcecode.swift; path = AppDelegate.swift; sourceTree = "<group>"; };
		FD6CAEDC26BC681D008FF97A /* SceneDelegate.swift */ = {isa = PBXFileReference; lastKnownFileType = sourcecode.swift; path = SceneDelegate.swift; sourceTree = "<group>"; };
		FD6CAEDE26BC681D008FF97A /* ViewController.swift */ = {isa = PBXFileReference; lastKnownFileType = sourcecode.swift; path = ViewController.swift; sourceTree = "<group>"; };
		FD6CAEE126BC681D008FF97A /* Base */ = {isa = PBXFileReference; lastKnownFileType = file.storyboard; name = Base; path = Base.lproj/Main.storyboard; sourceTree = "<group>"; };
		FD6CAEE326BC6821008FF97A /* Assets.xcassets */ = {isa = PBXFileReference; lastKnownFileType = folder.assetcatalog; path = Assets.xcassets; sourceTree = "<group>"; };
		FD6CAEE626BC6821008FF97A /* Base */ = {isa = PBXFileReference; lastKnownFileType = file.storyboard; name = Base; path = Base.lproj/LaunchScreen.storyboard; sourceTree = "<group>"; };
		FD6CAEE826BC6821008FF97A /* Info.plist */ = {isa = PBXFileReference; lastKnownFileType = text.plist.xml; path = Info.plist; sourceTree = "<group>"; };
		FD6CAEF726BC6AD5008FF97A /* CustomTextField.swift */ = {isa = PBXFileReference; lastKnownFileType = sourcecode.swift; path = CustomTextField.swift; sourceTree = "<group>"; };
		FD6CAEFB26BC6C74008FF97A /* Extension.swift */ = {isa = PBXFileReference; lastKnownFileType = sourcecode.swift; path = Extension.swift; sourceTree = "<group>"; };
		FD6CAEFE26BC737E008FF97A /* MainTabController.swift */ = {isa = PBXFileReference; lastKnownFileType = sourcecode.swift; path = MainTabController.swift; sourceTree = "<group>"; };
		FD6CAF0126BC7D3E008FF97A /* SearchController.swift */ = {isa = PBXFileReference; lastKnownFileType = sourcecode.swift; path = SearchController.swift; sourceTree = "<group>"; };
		FD6CAF0426BC7D8A008FF97A /* ImageSelectorController.swift */ = {isa = PBXFileReference; lastKnownFileType = sourcecode.swift; path = ImageSelectorController.swift; sourceTree = "<group>"; };
		FD6CAF0726BC7DA2008FF97A /* ShopController.swift */ = {isa = PBXFileReference; lastKnownFileType = sourcecode.swift; path = ShopController.swift; sourceTree = "<group>"; };
		FD6CAF0A26BC7DBC008FF97A /* FeedController.swift */ = {isa = PBXFileReference; lastKnownFileType = sourcecode.swift; path = FeedController.swift; sourceTree = "<group>"; };
		FD6CAF0D26BC7DD3008FF97A /* ProfileController.swift */ = {isa = PBXFileReference; lastKnownFileType = sourcecode.swift; path = ProfileController.swift; sourceTree = "<group>"; };
		FD6CAF1126BDB658008FF97A /* FeedCell.swift */ = {isa = PBXFileReference; lastKnownFileType = sourcecode.swift; path = FeedCell.swift; sourceTree = "<group>"; };
		FD6CAF1526BDEB2F008FF97A /* LoginController.swift */ = {isa = PBXFileReference; lastKnownFileType = sourcecode.swift; path = LoginController.swift; sourceTree = "<group>"; };
		FD6CAF1926BDEB49008FF97A /* RegisterController.swift */ = {isa = PBXFileReference; lastKnownFileType = sourcecode.swift; path = RegisterController.swift; sourceTree = "<group>"; };
		FD6CAF1C26BE14B0008FF97A /* AuthenticationViewModel.swift */ = {isa = PBXFileReference; lastKnownFileType = sourcecode.swift; path = AuthenticationViewModel.swift; sourceTree = "<group>"; };
		FD6CAF1F26BE2EBB008FF97A /* GoogleService-Info.plist */ = {isa = PBXFileReference; fileEncoding = 4; lastKnownFileType = text.plist.xml; path = "GoogleService-Info.plist"; sourceTree = "<group>"; };
		FD6CAF5726BEF602008FF97A /* ImageUploader.swift */ = {isa = PBXFileReference; lastKnownFileType = sourcecode.swift; path = ImageUploader.swift; sourceTree = "<group>"; };
		FD6CAF5A26BEFAD1008FF97A /* AuthService.swift */ = {isa = PBXFileReference; lastKnownFileType = sourcecode.swift; path = AuthService.swift; sourceTree = "<group>"; };
		FD6CAF5D26BEFB8D008FF97A /* Constants.swift */ = {isa = PBXFileReference; lastKnownFileType = sourcecode.swift; path = Constants.swift; sourceTree = "<group>"; };
		FD6CAF6026BF81C0008FF97A /* ProfileCell.swift */ = {isa = PBXFileReference; lastKnownFileType = sourcecode.swift; path = ProfileCell.swift; sourceTree = "<group>"; };
		FD6CAF6326BF81D0008FF97A /* ProfileHeader.swift */ = {isa = PBXFileReference; lastKnownFileType = sourcecode.swift; path = ProfileHeader.swift; sourceTree = "<group>"; };
		FD6CAF6826C093E5008FF97A /* User.swift */ = {isa = PBXFileReference; lastKnownFileType = sourcecode.swift; path = User.swift; sourceTree = "<group>"; };
		FD6CAF6B26C098C7008FF97A /* UserService.swift */ = {isa = PBXFileReference; lastKnownFileType = sourcecode.swift; path = UserService.swift; sourceTree = "<group>"; };
		FD6CAF6E26C09FDE008FF97A /* ProfileHeaderViewModel.swift */ = {isa = PBXFileReference; lastKnownFileType = sourcecode.swift; path = ProfileHeaderViewModel.swift; sourceTree = "<group>"; };
		FD6CAF8D26C0C65F008FF97A /* SearchTappedController.swift */ = {isa = PBXFileReference; lastKnownFileType = sourcecode.swift; path = SearchTappedController.swift; sourceTree = "<group>"; };
		FD6CAF9026C0C7E0008FF97A /* UserCell.swift */ = {isa = PBXFileReference; lastKnownFileType = sourcecode.swift; path = UserCell.swift; sourceTree = "<group>"; };
		FD6CAF9326C0D988008FF97A /* UserCellViewModel.swift */ = {isa = PBXFileReference; lastKnownFileType = sourcecode.swift; path = UserCellViewModel.swift; sourceTree = "<group>"; };
		FD6CAFB526C142BA008FF97A /* UploadPostController.swift */ = {isa = PBXFileReference; lastKnownFileType = sourcecode.swift; path = UploadPostController.swift; sourceTree = "<group>"; };
		FD6CAFB826C1FB9F008FF97A /* InputTextView.swift */ = {isa = PBXFileReference; lastKnownFileType = sourcecode.swift; path = InputTextView.swift; sourceTree = "<group>"; };
		FD6CAFBB26C202A7008FF97A /* PostService.swift */ = {isa = PBXFileReference; lastKnownFileType = sourcecode.swift; path = PostService.swift; sourceTree = "<group>"; };
		FD6CAFDF26C2179E008FF97A /* Post.swift */ = {isa = PBXFileReference; lastKnownFileType = sourcecode.swift; path = Post.swift; sourceTree = "<group>"; };
		FD6CAFE226C21D35008FF97A /* PostViewModel.swift */ = {isa = PBXFileReference; lastKnownFileType = sourcecode.swift; path = PostViewModel.swift; sourceTree = "<group>"; };
		FD6CAFE526C326AB008FF97A /* CommentController.swift */ = {isa = PBXFileReference; lastKnownFileType = sourcecode.swift; path = CommentController.swift; sourceTree = "<group>"; };
		FD6CAFE826C329DA008FF97A /* CommentCell.swift */ = {isa = PBXFileReference; lastKnownFileType = sourcecode.swift; path = CommentCell.swift; sourceTree = "<group>"; };
		FD6CAFEC26C3338D008FF97A /* CommentInputAccessoryView.swift */ = {isa = PBXFileReference; lastKnownFileType = sourcecode.swift; path = CommentInputAccessoryView.swift; sourceTree = "<group>"; };
		FD6CAFEF26C35281008FF97A /* CommentService.swift */ = {isa = PBXFileReference; lastKnownFileType = sourcecode.swift; path = CommentService.swift; sourceTree = "<group>"; };
		FD6CAFF226C35810008FF97A /* Comment.swift */ = {isa = PBXFileReference; lastKnownFileType = sourcecode.swift; path = Comment.swift; sourceTree = "<group>"; };
		FD6CAFF526C35CBA008FF97A /* CommentViewModel.swift */ = {isa = PBXFileReference; lastKnownFileType = sourcecode.swift; path = CommentViewModel.swift; sourceTree = "<group>"; };
		FD6CAFF826C3C47A008FF97A /* NotificationController.swift */ = {isa = PBXFileReference; lastKnownFileType = sourcecode.swift; path = NotificationController.swift; sourceTree = "<group>"; };
		FD6CAFFB26C3C826008FF97A /* NotificationCell.swift */ = {isa = PBXFileReference; lastKnownFileType = sourcecode.swift; path = NotificationCell.swift; sourceTree = "<group>"; };
		FD6CAFFE26C3E1D2008FF97A /* Notification.swift */ = {isa = PBXFileReference; lastKnownFileType = sourcecode.swift; path = Notification.swift; sourceTree = "<group>"; };
		FD6CB00126C3E91A008FF97A /* NotificationService.swift */ = {isa = PBXFileReference; lastKnownFileType = sourcecode.swift; path = NotificationService.swift; sourceTree = "<group>"; };
		FD6CB00426C3F781008FF97A /* NotificationViewModel.swift */ = {isa = PBXFileReference; lastKnownFileType = sourcecode.swift; path = NotificationViewModel.swift; sourceTree = "<group>"; };
		FD6CB00726C4A714008FF97A /* ResetPasswordController.swift */ = {isa = PBXFileReference; lastKnownFileType = sourcecode.swift; path = ResetPasswordController.swift; sourceTree = "<group>"; };
		FD6CB03F26C8F1B4008FF97A /* ShoppingHeader.swift */ = {isa = PBXFileReference; lastKnownFileType = sourcecode.swift; path = ShoppingHeader.swift; sourceTree = "<group>"; };
		FD6CB04226C8F202008FF97A /* ShoppingCell.swift */ = {isa = PBXFileReference; lastKnownFileType = sourcecode.swift; path = ShoppingCell.swift; sourceTree = "<group>"; };
/* End PBXFileReference section */

/* Begin PBXFrameworksBuildPhase section */
		FD6CAED426BC681D008FF97A /* Frameworks */ = {
			isa = PBXFrameworksBuildPhase;
			buildActionMask = 2147483647;
			files = (
				0F9A242A78A71090775C96A5 /* Pods_Pawie.framework in Frameworks */,
			);
			runOnlyForDeploymentPostprocessing = 0;
		};
/* End PBXFrameworksBuildPhase section */

/* Begin PBXGroup section */
		46B4AB7DC4F08FBFEC24C4B3 /* Frameworks */ = {
			isa = PBXGroup;
			children = (
				6ABEA768834F8E2CAD6EFF6E /* Pods_Pawie.framework */,
			);
			name = Frameworks;
			sourceTree = "<group>";
		};
		83B1126F4A987467B446EADB /* Pods */ = {
			isa = PBXGroup;
			children = (
				99DE21A05165A44A826FC448 /* Pods-Pawie.debug.xcconfig */,
				215A068FDC7686E6D455E6AA /* Pods-Pawie.release.xcconfig */,
			);
			path = Pods;
			sourceTree = "<group>";
		};
		FD6CAECE26BC681C008FF97A = {
			isa = PBXGroup;
			children = (
				FD6CAED926BC681D008FF97A /* Pawie */,
				FD6CAED826BC681D008FF97A /* Products */,
				83B1126F4A987467B446EADB /* Pods */,
				46B4AB7DC4F08FBFEC24C4B3 /* Frameworks */,
			);
			sourceTree = "<group>";
		};
		FD6CAED826BC681D008FF97A /* Products */ = {
			isa = PBXGroup;
			children = (
				FD6CAED726BC681D008FF97A /* Pawie.app */,
			);
			name = Products;
			sourceTree = "<group>";
		};
		FD6CAED926BC681D008FF97A /* Pawie */ = {
			isa = PBXGroup;
			children = (
				FD6CAEEF26BC6889008FF97A /* Model */,
				FD6CAEF226BC68DD008FF97A /* View */,
				FD6CAEF326BC68E7008FF97A /* ViewModel */,
				FD6CAEF526BC68EE008FF97A /* API */,
				FD6CAEF426BC68EA008FF97A /* Controller */,
				FD6CAEF626BC6A16008FF97A /* Utils */,
				FD6CAEDA26BC681D008FF97A /* AppDelegate.swift */,
				FD6CAEDC26BC681D008FF97A /* SceneDelegate.swift */,
				FD6CAEDE26BC681D008FF97A /* ViewController.swift */,
				FD6CAEE026BC681D008FF97A /* Main.storyboard */,
				FD6CAEE326BC6821008FF97A /* Assets.xcassets */,
				FD6CAEE526BC6821008FF97A /* LaunchScreen.storyboard */,
				FD6CAEE826BC6821008FF97A /* Info.plist */,
				FD6CAF1F26BE2EBB008FF97A /* GoogleService-Info.plist */,
			);
			path = Pawie;
			sourceTree = "<group>";
		};
		FD6CAEEF26BC6889008FF97A /* Model */ = {
			isa = PBXGroup;
			children = (
				FD6CAF6826C093E5008FF97A /* User.swift */,
				FD6CAFDF26C2179E008FF97A /* Post.swift */,
				FD6CAFF226C35810008FF97A /* Comment.swift */,
				FD6CAFFE26C3E1D2008FF97A /* Notification.swift */,
			);
			name = Model;
			sourceTree = "<group>";
		};
		FD6CAEF226BC68DD008FF97A /* View */ = {
			isa = PBXGroup;
			children = (
				FD6CB04526C8F216008FF97A /* ShoppingView */,
				FD6CAF6626BF81E2008FF97A /* Profile View */,
				FD6CAEF726BC6AD5008FF97A /* CustomTextField.swift */,
				FD6CAF1126BDB658008FF97A /* FeedCell.swift */,
				FD6CAF9026C0C7E0008FF97A /* UserCell.swift */,
				FD6CAFE826C329DA008FF97A /* CommentCell.swift */,
				FD6CAFEC26C3338D008FF97A /* CommentInputAccessoryView.swift */,
				FD6CAFFB26C3C826008FF97A /* NotificationCell.swift */,
			);
			name = View;
			sourceTree = "<group>";
		};
		FD6CAEF326BC68E7008FF97A /* ViewModel */ = {
			isa = PBXGroup;
			children = (
				FD6CAF1C26BE14B0008FF97A /* AuthenticationViewModel.swift */,
				FD6CAF6E26C09FDE008FF97A /* ProfileHeaderViewModel.swift */,
				FD6CAF9326C0D988008FF97A /* UserCellViewModel.swift */,
				FD6CAFE226C21D35008FF97A /* PostViewModel.swift */,
				FD6CAFF526C35CBA008FF97A /* CommentViewModel.swift */,
				FD6CB00426C3F781008FF97A /* NotificationViewModel.swift */,
			);
			name = ViewModel;
			sourceTree = "<group>";
		};
		FD6CAEF426BC68EA008FF97A /* Controller */ = {
			isa = PBXGroup;
			children = (
				FD6CAF1426BDEB10008FF97A /* Authentication */,
				FD6CAEFE26BC737E008FF97A /* MainTabController.swift */,
				FD6CAF0A26BC7DBC008FF97A /* FeedController.swift */,
				FD6CAF0126BC7D3E008FF97A /* SearchController.swift */,
				FD6CAF0426BC7D8A008FF97A /* ImageSelectorController.swift */,
				FD6CAF0726BC7DA2008FF97A /* ShopController.swift */,
				FD6CAF0D26BC7DD3008FF97A /* ProfileController.swift */,
				FD6CAF8D26C0C65F008FF97A /* SearchTappedController.swift */,
				FD6CAFB526C142BA008FF97A /* UploadPostController.swift */,
				FD6CAFE526C326AB008FF97A /* CommentController.swift */,
				FD6CAFF826C3C47A008FF97A /* NotificationController.swift */,
			);
			name = Controller;
			sourceTree = "<group>";
		};
		FD6CAEF526BC68EE008FF97A /* API */ = {
			isa = PBXGroup;
			children = (
				FD6CAF5726BEF602008FF97A /* ImageUploader.swift */,
				FD6CAF5A26BEFAD1008FF97A /* AuthService.swift */,
				FD6CAF6B26C098C7008FF97A /* UserService.swift */,
				FD6CAFBB26C202A7008FF97A /* PostService.swift */,
				FD6CAFEF26C35281008FF97A /* CommentService.swift */,
				FD6CB00126C3E91A008FF97A /* NotificationService.swift */,
			);
			name = API;
			sourceTree = "<group>";
		};
		FD6CAEF626BC6A16008FF97A /* Utils */ = {
			isa = PBXGroup;
			children = (
				FD6CAEFB26BC6C74008FF97A /* Extension.swift */,
				FD6CAF5D26BEFB8D008FF97A /* Constants.swift */,
				FD6CAFB826C1FB9F008FF97A /* InputTextView.swift */,
			);
			name = Utils;
			sourceTree = "<group>";
		};
		FD6CAF1426BDEB10008FF97A /* Authentication */ = {
			isa = PBXGroup;
			children = (
				FD6CAF1526BDEB2F008FF97A /* LoginController.swift */,
				FD6CAF1926BDEB49008FF97A /* RegisterController.swift */,
				FD6CB00726C4A714008FF97A /* ResetPasswordController.swift */,
			);
			path = Authentication;
			sourceTree = "<group>";
		};
		FD6CAF6626BF81E2008FF97A /* Profile View */ = {
			isa = PBXGroup;
			children = (
				FD6CAF6026BF81C0008FF97A /* ProfileCell.swift */,
				FD6CAF6326BF81D0008FF97A /* ProfileHeader.swift */,
			);
			name = "Profile View";
			sourceTree = "<group>";
		};
		FD6CB04526C8F216008FF97A /* ShoppingView */ = {
			isa = PBXGroup;
			children = (
				FD6CB03F26C8F1B4008FF97A /* ShoppingHeader.swift */,
				FD6CB04226C8F202008FF97A /* ShoppingCell.swift */,
			);
			name = ShoppingView;
			sourceTree = "<group>";
		};
/* End PBXGroup section */

/* Begin PBXNativeTarget section */
		FD6CAED626BC681D008FF97A /* Pawie */ = {
			isa = PBXNativeTarget;
			buildConfigurationList = FD6CAEEB26BC6821008FF97A /* Build configuration list for PBXNativeTarget "Pawie" */;
			buildPhases = (
				8AAF07D2A2F7E547F7B77650 /* [CP] Check Pods Manifest.lock */,
				FD6CAED326BC681D008FF97A /* Sources */,
				FD6CAED426BC681D008FF97A /* Frameworks */,
				FD6CAED526BC681D008FF97A /* Resources */,
				97FC798280BB8D2B352E73AC /* [CP] Embed Pods Frameworks */,
			);
			buildRules = (
			);
			dependencies = (
			);
			name = Pawie;
			productName = Pawie;
			productReference = FD6CAED726BC681D008FF97A /* Pawie.app */;
			productType = "com.apple.product-type.application";
		};
/* End PBXNativeTarget section */

/* Begin PBXProject section */
		FD6CAECF26BC681C008FF97A /* Project object */ = {
			isa = PBXProject;
			attributes = {
				LastSwiftUpdateCheck = 1240;
				LastUpgradeCheck = 1240;
				TargetAttributes = {
					FD6CAED626BC681D008FF97A = {
						CreatedOnToolsVersion = 12.4;
					};
				};
			};
			buildConfigurationList = FD6CAED226BC681C008FF97A /* Build configuration list for PBXProject "Pawie" */;
			compatibilityVersion = "Xcode 9.3";
			developmentRegion = en;
			hasScannedForEncodings = 0;
			knownRegions = (
				en,
				Base,
			);
			mainGroup = FD6CAECE26BC681C008FF97A;
			productRefGroup = FD6CAED826BC681D008FF97A /* Products */;
			projectDirPath = "";
			projectRoot = "";
			targets = (
				FD6CAED626BC681D008FF97A /* Pawie */,
			);
		};
/* End PBXProject section */

/* Begin PBXResourcesBuildPhase section */
		FD6CAED526BC681D008FF97A /* Resources */ = {
			isa = PBXResourcesBuildPhase;
			buildActionMask = 2147483647;
			files = (
				FD6CAEE726BC6821008FF97A /* LaunchScreen.storyboard in Resources */,
				FD6CAEE426BC6821008FF97A /* Assets.xcassets in Resources */,
				FD6CAEE226BC681D008FF97A /* Main.storyboard in Resources */,
				FD6CAF2026BE2EBB008FF97A /* GoogleService-Info.plist in Resources */,
			);
			runOnlyForDeploymentPostprocessing = 0;
		};
/* End PBXResourcesBuildPhase section */

/* Begin PBXShellScriptBuildPhase section */
		8AAF07D2A2F7E547F7B77650 /* [CP] Check Pods Manifest.lock */ = {
			isa = PBXShellScriptBuildPhase;
			buildActionMask = 2147483647;
			files = (
			);
			inputFileListPaths = (
			);
			inputPaths = (
				"${PODS_PODFILE_DIR_PATH}/Podfile.lock",
				"${PODS_ROOT}/Manifest.lock",
			);
			name = "[CP] Check Pods Manifest.lock";
			outputFileListPaths = (
			);
			outputPaths = (
				"$(DERIVED_FILE_DIR)/Pods-Pawie-checkManifestLockResult.txt",
			);
			runOnlyForDeploymentPostprocessing = 0;
			shellPath = /bin/sh;
			shellScript = "diff \"${PODS_PODFILE_DIR_PATH}/Podfile.lock\" \"${PODS_ROOT}/Manifest.lock\" > /dev/null\nif [ $? != 0 ] ; then\n    # print error to STDERR\n    echo \"error: The sandbox is not in sync with the Podfile.lock. Run 'pod install' or update your CocoaPods installation.\" >&2\n    exit 1\nfi\n# This output is used by Xcode 'outputs' to avoid re-running this script phase.\necho \"SUCCESS\" > \"${SCRIPT_OUTPUT_FILE_0}\"\n";
			showEnvVarsInLog = 0;
		};
		97FC798280BB8D2B352E73AC /* [CP] Embed Pods Frameworks */ = {
			isa = PBXShellScriptBuildPhase;
			buildActionMask = 2147483647;
			files = (
			);
			inputFileListPaths = (
				"${PODS_ROOT}/Target Support Files/Pods-Pawie/Pods-Pawie-frameworks-${CONFIGURATION}-input-files.xcfilelist",
			);
			name = "[CP] Embed Pods Frameworks";
			outputFileListPaths = (
				"${PODS_ROOT}/Target Support Files/Pods-Pawie/Pods-Pawie-frameworks-${CONFIGURATION}-output-files.xcfilelist",
			);
			runOnlyForDeploymentPostprocessing = 0;
			shellPath = /bin/sh;
			shellScript = "\"${PODS_ROOT}/Target Support Files/Pods-Pawie/Pods-Pawie-frameworks.sh\"\n";
			showEnvVarsInLog = 0;
		};
/* End PBXShellScriptBuildPhase section */

/* Begin PBXSourcesBuildPhase section */
		FD6CAED326BC681D008FF97A /* Sources */ = {
			isa = PBXSourcesBuildPhase;
			buildActionMask = 2147483647;
			files = (
				FD6CAFED26C3338D008FF97A /* CommentInputAccessoryView.swift in Sources */,
				FD6CAFE326C21D35008FF97A /* PostViewModel.swift in Sources */,
				FD6CAF0526BC7D8A008FF97A /* ImageSelectorController.swift in Sources */,
				FD6CAEFC26BC6C74008FF97A /* Extension.swift in Sources */,
				FD6CAFFC26C3C826008FF97A /* NotificationCell.swift in Sources */,
				FD6CAEF826BC6AD5008FF97A /* CustomTextField.swift in Sources */,
				FD6CAF1626BDEB2F008FF97A /* LoginController.swift in Sources */,
				FD6CAEFF26BC737E008FF97A /* MainTabController.swift in Sources */,
				FD6CAFF326C35810008FF97A /* Comment.swift in Sources */,
				FD6CAF0226BC7D3E008FF97A /* SearchController.swift in Sources */,
				FD6CAF6C26C098C7008FF97A /* UserService.swift in Sources */,
				FD6CAFB626C142BB008FF97A /* UploadPostController.swift in Sources */,
				FD6CAFE626C326AB008FF97A /* CommentController.swift in Sources */,
				FD6CAF1D26BE14B0008FF97A /* AuthenticationViewModel.swift in Sources */,
				FD6CAFE026C2179E008FF97A /* Post.swift in Sources */,
				FD6CAFF026C35281008FF97A /* CommentService.swift in Sources */,
				FD6CAF1226BDB658008FF97A /* FeedCell.swift in Sources */,
				FD6CB00826C4A715008FF97A /* ResetPasswordController.swift in Sources */,
				FD6CB00526C3F781008FF97A /* NotificationViewModel.swift in Sources */,
				FD6CAF6426BF81D0008FF97A /* ProfileHeader.swift in Sources */,
				FD6CB04026C8F1B4008FF97A /* ShoppingHeader.swift in Sources */,
				FD6CAFE926C329DA008FF97A /* CommentCell.swift in Sources */,
				FD6CAEDF26BC681D008FF97A /* ViewController.swift in Sources */,
				FD6CAEDB26BC681D008FF97A /* AppDelegate.swift in Sources */,
				FD6CAF6F26C09FDE008FF97A /* ProfileHeaderViewModel.swift in Sources */,
				FD6CAFB926C1FB9F008FF97A /* InputTextView.swift in Sources */,
				FD6CAF9126C0C7E0008FF97A /* UserCell.swift in Sources */,
				FD6CB00226C3E91A008FF97A /* NotificationService.swift in Sources */,
				FD6CAF0E26BC7DD3008FF97A /* ProfileController.swift in Sources */,
				FD6CAFF626C35CBA008FF97A /* CommentViewModel.swift in Sources */,
				FD6CAF9426C0D988008FF97A /* UserCellViewModel.swift in Sources */,
				FD6CAF1A26BDEB49008FF97A /* RegisterController.swift in Sources */,
				FD6CAF8E26C0C65F008FF97A /* SearchTappedController.swift in Sources */,
				FD6CAFBC26C202A7008FF97A /* PostService.swift in Sources */,
				FD6CB04326C8F202008FF97A /* ShoppingCell.swift in Sources */,
				FD6CAF0B26BC7DBC008FF97A /* FeedController.swift in Sources */,
				FD6CAF5826BEF602008FF97A /* ImageUploader.swift in Sources */,
				FD6CAF5B26BEFAD1008FF97A /* AuthService.swift in Sources */,
				FD6CAFF926C3C47B008FF97A /* NotificationController.swift in Sources */,
				FD6CAF6126BF81C0008FF97A /* ProfileCell.swift in Sources */,
				FD6CAF0826BC7DA2008FF97A /* ShopController.swift in Sources */,
				FD6CAFFF26C3E1D2008FF97A /* Notification.swift in Sources */,
				FD6CAEDD26BC681D008FF97A /* SceneDelegate.swift in Sources */,
				FD6CAF5E26BEFB8D008FF97A /* Constants.swift in Sources */,
				FD6CAF6926C093E5008FF97A /* User.swift in Sources */,
			);
			runOnlyForDeploymentPostprocessing = 0;
		};
/* End PBXSourcesBuildPhase section */

/* Begin PBXVariantGroup section */
		FD6CAEE026BC681D008FF97A /* Main.storyboard */ = {
			isa = PBXVariantGroup;
			children = (
				FD6CAEE126BC681D008FF97A /* Base */,
			);
			name = Main.storyboard;
			sourceTree = "<group>";
		};
		FD6CAEE526BC6821008FF97A /* LaunchScreen.storyboard */ = {
			isa = PBXVariantGroup;
			children = (
				FD6CAEE626BC6821008FF97A /* Base */,
			);
			name = LaunchScreen.storyboard;
			sourceTree = "<group>";
		};
/* End PBXVariantGroup section */

/* Begin XCBuildConfiguration section */
		FD6CAEE926BC6821008FF97A /* Debug */ = {
			isa = XCBuildConfiguration;
			buildSettings = {
				ALWAYS_SEARCH_USER_PATHS = NO;
				CLANG_ANALYZER_NONNULL = YES;
				CLANG_ANALYZER_NUMBER_OBJECT_CONVERSION = YES_AGGRESSIVE;
				CLANG_CXX_LANGUAGE_STANDARD = "gnu++14";
				CLANG_CXX_LIBRARY = "libc++";
				CLANG_ENABLE_MODULES = YES;
				CLANG_ENABLE_OBJC_ARC = YES;
				CLANG_ENABLE_OBJC_WEAK = YES;
				CLANG_WARN_BLOCK_CAPTURE_AUTORELEASING = YES;
				CLANG_WARN_BOOL_CONVERSION = YES;
				CLANG_WARN_COMMA = YES;
				CLANG_WARN_CONSTANT_CONVERSION = YES;
				CLANG_WARN_DEPRECATED_OBJC_IMPLEMENTATIONS = YES;
				CLANG_WARN_DIRECT_OBJC_ISA_USAGE = YES_ERROR;
				CLANG_WARN_DOCUMENTATION_COMMENTS = YES;
				CLANG_WARN_EMPTY_BODY = YES;
				CLANG_WARN_ENUM_CONVERSION = YES;
				CLANG_WARN_INFINITE_RECURSION = YES;
				CLANG_WARN_INT_CONVERSION = YES;
				CLANG_WARN_NON_LITERAL_NULL_CONVERSION = YES;
				CLANG_WARN_OBJC_IMPLICIT_RETAIN_SELF = YES;
				CLANG_WARN_OBJC_LITERAL_CONVERSION = YES;
				CLANG_WARN_OBJC_ROOT_CLASS = YES_ERROR;
				CLANG_WARN_QUOTED_INCLUDE_IN_FRAMEWORK_HEADER = YES;
				CLANG_WARN_RANGE_LOOP_ANALYSIS = YES;
				CLANG_WARN_STRICT_PROTOTYPES = YES;
				CLANG_WARN_SUSPICIOUS_MOVE = YES;
				CLANG_WARN_UNGUARDED_AVAILABILITY = YES_AGGRESSIVE;
				CLANG_WARN_UNREACHABLE_CODE = YES;
				CLANG_WARN__DUPLICATE_METHOD_MATCH = YES;
				COPY_PHASE_STRIP = NO;
				DEBUG_INFORMATION_FORMAT = dwarf;
				ENABLE_STRICT_OBJC_MSGSEND = YES;
				ENABLE_TESTABILITY = YES;
				GCC_C_LANGUAGE_STANDARD = gnu11;
				GCC_DYNAMIC_NO_PIC = NO;
				GCC_NO_COMMON_BLOCKS = YES;
				GCC_OPTIMIZATION_LEVEL = 0;
				GCC_PREPROCESSOR_DEFINITIONS = (
					"DEBUG=1",
					"$(inherited)",
				);
				GCC_WARN_64_TO_32_BIT_CONVERSION = YES;
				GCC_WARN_ABOUT_RETURN_TYPE = YES_ERROR;
				GCC_WARN_UNDECLARED_SELECTOR = YES;
				GCC_WARN_UNINITIALIZED_AUTOS = YES_AGGRESSIVE;
				GCC_WARN_UNUSED_FUNCTION = YES;
				GCC_WARN_UNUSED_VARIABLE = YES;
				IPHONEOS_DEPLOYMENT_TARGET = 14.4;
				MTL_ENABLE_DEBUG_INFO = INCLUDE_SOURCE;
				MTL_FAST_MATH = YES;
				ONLY_ACTIVE_ARCH = YES;
				SDKROOT = iphoneos;
				SWIFT_ACTIVE_COMPILATION_CONDITIONS = DEBUG;
				SWIFT_OPTIMIZATION_LEVEL = "-Onone";
			};
			name = Debug;
		};
		FD6CAEEA26BC6821008FF97A /* Release */ = {
			isa = XCBuildConfiguration;
			buildSettings = {
				ALWAYS_SEARCH_USER_PATHS = NO;
				CLANG_ANALYZER_NONNULL = YES;
				CLANG_ANALYZER_NUMBER_OBJECT_CONVERSION = YES_AGGRESSIVE;
				CLANG_CXX_LANGUAGE_STANDARD = "gnu++14";
				CLANG_CXX_LIBRARY = "libc++";
				CLANG_ENABLE_MODULES = YES;
				CLANG_ENABLE_OBJC_ARC = YES;
				CLANG_ENABLE_OBJC_WEAK = YES;
				CLANG_WARN_BLOCK_CAPTURE_AUTORELEASING = YES;
				CLANG_WARN_BOOL_CONVERSION = YES;
				CLANG_WARN_COMMA = YES;
				CLANG_WARN_CONSTANT_CONVERSION = YES;
				CLANG_WARN_DEPRECATED_OBJC_IMPLEMENTATIONS = YES;
				CLANG_WARN_DIRECT_OBJC_ISA_USAGE = YES_ERROR;
				CLANG_WARN_DOCUMENTATION_COMMENTS = YES;
				CLANG_WARN_EMPTY_BODY = YES;
				CLANG_WARN_ENUM_CONVERSION = YES;
				CLANG_WARN_INFINITE_RECURSION = YES;
				CLANG_WARN_INT_CONVERSION = YES;
				CLANG_WARN_NON_LITERAL_NULL_CONVERSION = YES;
				CLANG_WARN_OBJC_IMPLICIT_RETAIN_SELF = YES;
				CLANG_WARN_OBJC_LITERAL_CONVERSION = YES;
				CLANG_WARN_OBJC_ROOT_CLASS = YES_ERROR;
				CLANG_WARN_QUOTED_INCLUDE_IN_FRAMEWORK_HEADER = YES;
				CLANG_WARN_RANGE_LOOP_ANALYSIS = YES;
				CLANG_WARN_STRICT_PROTOTYPES = YES;
				CLANG_WARN_SUSPICIOUS_MOVE = YES;
				CLANG_WARN_UNGUARDED_AVAILABILITY = YES_AGGRESSIVE;
				CLANG_WARN_UNREACHABLE_CODE = YES;
				CLANG_WARN__DUPLICATE_METHOD_MATCH = YES;
				COPY_PHASE_STRIP = NO;
				DEBUG_INFORMATION_FORMAT = "dwarf-with-dsym";
				ENABLE_NS_ASSERTIONS = NO;
				ENABLE_STRICT_OBJC_MSGSEND = YES;
				GCC_C_LANGUAGE_STANDARD = gnu11;
				GCC_NO_COMMON_BLOCKS = YES;
				GCC_WARN_64_TO_32_BIT_CONVERSION = YES;
				GCC_WARN_ABOUT_RETURN_TYPE = YES_ERROR;
				GCC_WARN_UNDECLARED_SELECTOR = YES;
				GCC_WARN_UNINITIALIZED_AUTOS = YES_AGGRESSIVE;
				GCC_WARN_UNUSED_FUNCTION = YES;
				GCC_WARN_UNUSED_VARIABLE = YES;
				IPHONEOS_DEPLOYMENT_TARGET = 14.4;
				MTL_ENABLE_DEBUG_INFO = NO;
				MTL_FAST_MATH = YES;
				SDKROOT = iphoneos;
				SWIFT_COMPILATION_MODE = wholemodule;
				SWIFT_OPTIMIZATION_LEVEL = "-O";
				VALIDATE_PRODUCT = YES;
			};
			name = Release;
		};
		FD6CAEEC26BC6821008FF97A /* Debug */ = {
			isa = XCBuildConfiguration;
			baseConfigurationReference = 99DE21A05165A44A826FC448 /* Pods-Pawie.debug.xcconfig */;
			buildSettings = {
				ASSETCATALOG_COMPILER_APPICON_NAME = AppIcon;
				ASSETCATALOG_COMPILER_GLOBAL_ACCENT_COLOR_NAME = AccentColor;
				CODE_SIGN_STYLE = Automatic;
				INFOPLIST_FILE = Pawie/Info.plist;
				LD_RUNPATH_SEARCH_PATHS = (
					"$(inherited)",
					"@executable_path/Frameworks",
				);
				PRODUCT_BUNDLE_IDENTIFIER = kevinlin.co.Pawie;
				PRODUCT_NAME = "$(TARGET_NAME)";
				SWIFT_VERSION = 5.0;
				TARGETED_DEVICE_FAMILY = "1,2";
			};
			name = Debug;
		};
		FD6CAEED26BC6821008FF97A /* Release */ = {
			isa = XCBuildConfiguration;
			baseConfigurationReference = 215A068FDC7686E6D455E6AA /* Pods-Pawie.release.xcconfig */;
			buildSettings = {
				ASSETCATALOG_COMPILER_APPICON_NAME = AppIcon;
				ASSETCATALOG_COMPILER_GLOBAL_ACCENT_COLOR_NAME = AccentColor;
				CODE_SIGN_STYLE = Automatic;
				INFOPLIST_FILE = Pawie/Info.plist;
				LD_RUNPATH_SEARCH_PATHS = (
					"$(inherited)",
					"@executable_path/Frameworks",
				);
				PRODUCT_BUNDLE_IDENTIFIER = kevinlin.co.Pawie;
				PRODUCT_NAME = "$(TARGET_NAME)";
				SWIFT_VERSION = 5.0;
				TARGETED_DEVICE_FAMILY = "1,2";
			};
			name = Release;
		};
/* End XCBuildConfiguration section */

/* Begin XCConfigurationList section */
		FD6CAED226BC681C008FF97A /* Build configuration list for PBXProject "Pawie" */ = {
			isa = XCConfigurationList;
			buildConfigurations = (
				FD6CAEE926BC6821008FF97A /* Debug */,
				FD6CAEEA26BC6821008FF97A /* Release */,
			);
			defaultConfigurationIsVisible = 0;
			defaultConfigurationName = Release;
		};
		FD6CAEEB26BC6821008FF97A /* Build configuration list for PBXNativeTarget "Pawie" */ = {
			isa = XCConfigurationList;
			buildConfigurations = (
				FD6CAEEC26BC6821008FF97A /* Debug */,
				FD6CAEED26BC6821008FF97A /* Release */,
			);
			defaultConfigurationIsVisible = 0;
			defaultConfigurationName = Release;
		};
/* End XCConfigurationList section */
	};
	rootObject = FD6CAECF26BC681C008FF97A /* Project object */;
}
